
Microsoft Visual Studio Solution File, Format Version 12.00
# Visual Studio 14
VisualStudioVersion = 14.0.25420.1
MinimumVisualStudioVersion = 10.0.40219.1
Project("{FAE04EC0-301F-11D3-BF4B-00C04F79EFBC}") = "DM.Common", "DM.Common\DM.Common.csproj", "{D7B37E3D-2C39-4E8A-9B1D-A7BE70AB4B6A}"
EndProject
Project("{FAE04EC0-301F-11D3-BF4B-00C04F79EFBC}") = "DM.Model", "DM.Model\DM.Model.csproj", "{4088325C-DEE1-4850-8D77-2346A0144F0B}"
EndProject
Project("{FAE04EC0-301F-11D3-BF4B-00C04F79EFBC}") = "DM.Web", "DM.Web\DM.Web.csproj", "{B0B0B020-4600-4006-A52A-3781874EFD5B}"
EndProject
Global
	GlobalSection(SolutionConfigurationPlatforms) = preSolution
		Debug|Any CPU = Debug|Any CPU
		Release|Any CPU = Release|Any CPU
	EndGlobalSection
	GlobalSection(ProjectConfigurationPlatforms) = postSolution
		{D7B37E3D-2C39-4E8A-9B1D-A7BE70AB4B6A}.Debug|Any CPU.ActiveCfg = Debug|Any CPU
		{D7B37E3D-2C39-4E8A-9B1D-A7BE70AB4B6A}.Debug|Any CPU.Build.0 = Debug|Any CPU
		{D7B37E3D-2C39-4E8A-9B1D-A7BE70AB4B6A}.Release|Any CPU.ActiveCfg = Release|Any CPU
		{D7B37E3D-2C39-4E8A-9B1D-A7BE70AB4B6A}.Release|Any CPU.Build.0 = Release|Any CPU
		{4088325C-DEE1-4850-8D77-2346A0144F0B}.Debug|Any CPU.ActiveCfg = Debug|Any CPU
		{4088325C-DEE1-4850-8D77-2346A0144F0B}.Debug|Any CPU.Build.0 = Debug|Any CPU
		{4088325C-DEE1-4850-8D77-2346A0144F0B}.Release|Any CPU.ActiveCfg = Release|Any CPU
		{4088325C-DEE1-4850-8D77-2346A0144F0B}.Release|Any CPU.Build.0 = Release|Any CPU
		{B0B0B020-4600-4006-A52A-3781874EFD5B}.Debug|Any CPU.ActiveCfg = Debug|Any CPU
		{B0B0B020-4600-4006-A52A-3781874EFD5B}.Debug|Any CPU.Build.0 = Debug|Any CPU
		{B0B0B020-4600-4006-A52A-3781874EFD5B}.Release|Any CPU.ActiveCfg = Release|Any CPU
		{B0B0B020-4600-4006-A52A-3781874EFD5B}.Release|Any CPU.Build.0 = Release|Any CPU
	EndGlobalSection
	GlobalSection(SolutionProperties) = preSolution
		HideSolutionNode = FALSE
	EndGlobalSection
EndGlobal
